
Microsoft Visual Studio Solution File, Format Version 12.00
Project("{FAE04EC0-301F-11D3-BF4B-00C04F79EFBC}") = "Boom.Api", "Boom.Api\Boom.Api.csproj", "{F0FE985F-9ACF-457F-A25C-0C91F8FCC8C7}"
EndProject
Project("{FAE04EC0-301F-11D3-BF4B-00C04F79EFBC}") = "Boom.Infrastructure", "Boom.Infrastructure\Boom.Infrastructure.csproj", "{7FADB358-7215-434A-A543-FE1A9B1DF588}"
EndProject
Project("{FAE04EC0-301F-11D3-BF4B-00C04F79EFBC}") = "Boom.Business", "Boom.Business\Boom.Business.csproj", "{9C7D5498-2991-4060-B7D6-F0FAFF820432}"
EndProject
Project("{FAE04EC0-301F-11D3-BF4B-00C04F79EFBC}") = "Boom.Common", "Boom.Common\Boom.Common.csproj", "{4DCF3743-333D-4277-9105-CFADD4F90C24}"
EndProject
Project("{FAE04EC0-301F-11D3-BF4B-00C04F79EFBC}") = "Boom.UnitTests", "Boom.UnitTests\Boom.UnitTests.csproj", "{9A760467-408D-4250-8ABC-7353FC4EEB51}"
EndProject
Global
	GlobalSection(SolutionConfigurationPlatforms) = preSolution
		Debug|Any CPU = Debug|Any CPU
		Release|Any CPU = Release|Any CPU
	EndGlobalSection
	GlobalSection(ProjectConfigurationPlatforms) = postSolution
		{F0FE985F-9ACF-457F-A25C-0C91F8FCC8C7}.Debug|Any CPU.ActiveCfg = Debug|Any CPU
		{F0FE985F-9ACF-457F-A25C-0C91F8FCC8C7}.Debug|Any CPU.Build.0 = Debug|Any CPU
		{F0FE985F-9ACF-457F-A25C-0C91F8FCC8C7}.Release|Any CPU.ActiveCfg = Release|Any CPU
		{F0FE985F-9ACF-457F-A25C-0C91F8FCC8C7}.Release|Any CPU.Build.0 = Release|Any CPU
		{7FADB358-7215-434A-A543-FE1A9B1DF588}.Debug|Any CPU.ActiveCfg = Debug|Any CPU
		{7FADB358-7215-434A-A543-FE1A9B1DF588}.Debug|Any CPU.Build.0 = Debug|Any CPU
		{7FADB358-7215-434A-A543-FE1A9B1DF588}.Release|Any CPU.ActiveCfg = Release|Any CPU
		{7FADB358-7215-434A-A543-FE1A9B1DF588}.Release|Any CPU.Build.0 = Release|Any CPU
		{9C7D5498-2991-4060-B7D6-F0FAFF820432}.Debug|Any CPU.ActiveCfg = Debug|Any CPU
		{9C7D5498-2991-4060-B7D6-F0FAFF820432}.Debug|Any CPU.Build.0 = Debug|Any CPU
		{9C7D5498-2991-4060-B7D6-F0FAFF820432}.Release|Any CPU.ActiveCfg = Release|Any CPU
		{9C7D5498-2991-4060-B7D6-F0FAFF820432}.Release|Any CPU.Build.0 = Release|Any CPU
		{4DCF3743-333D-4277-9105-CFADD4F90C24}.Debug|Any CPU.ActiveCfg = Debug|Any CPU
		{4DCF3743-333D-4277-9105-CFADD4F90C24}.Debug|Any CPU.Build.0 = Debug|Any CPU
		{4DCF3743-333D-4277-9105-CFADD4F90C24}.Release|Any CPU.ActiveCfg = Release|Any CPU
		{4DCF3743-333D-4277-9105-CFADD4F90C24}.Release|Any CPU.Build.0 = Release|Any CPU
		{9A760467-408D-4250-8ABC-7353FC4EEB51}.Debug|Any CPU.ActiveCfg = Debug|Any CPU
		{9A760467-408D-4250-8ABC-7353FC4EEB51}.Debug|Any CPU.Build.0 = Debug|Any CPU
		{9A760467-408D-4250-8ABC-7353FC4EEB51}.Release|Any CPU.ActiveCfg = Release|Any CPU
		{9A760467-408D-4250-8ABC-7353FC4EEB51}.Release|Any CPU.Build.0 = Release|Any CPU
	EndGlobalSection
EndGlobal
